
Microsoft Visual Studio Solution File, Format Version 12.00
# Visual Studio Version 16
VisualStudioVersion = 25.0.1706.7
MinimumVisualStudioVersion = 10.0.40219.1
Project("{FAE04EC0-301F-11D3-BF4B-00C04F79EFBC}") = "Problem1", "Problem1\Problem1.csproj", "{436836EC-AD7D-4F03-835D-1AE40C224155}"
EndProject
Project("{FAE04EC0-301F-11D3-BF4B-00C04F79EFBC}") = "Problem2", "Problem2\Problem2.csproj", "{4BF52963-DDA8-4D3E-B181-2A944A32CD55}"
EndProject
Global
	GlobalSection(SolutionConfigurationPlatforms) = preSolution
		Debug|Any CPU = Debug|Any CPU
		Release|Any CPU = Release|Any CPU
	EndGlobalSection
	GlobalSection(ProjectConfigurationPlatforms) = postSolution
		{436836EC-AD7D-4F03-835D-1AE40C224155}.Debug|Any CPU.ActiveCfg = Debug|Any CPU
		{436836EC-AD7D-4F03-835D-1AE40C224155}.Debug|Any CPU.Build.0 = Debug|Any CPU
		{436836EC-AD7D-4F03-835D-1AE40C224155}.Release|Any CPU.ActiveCfg = Release|Any CPU
		{436836EC-AD7D-4F03-835D-1AE40C224155}.Release|Any CPU.Build.0 = Release|Any CPU
		{4BF52963-DDA8-4D3E-B181-2A944A32CD55}.Debug|Any CPU.ActiveCfg = Debug|Any CPU
		{4BF52963-DDA8-4D3E-B181-2A944A32CD55}.Debug|Any CPU.Build.0 = Debug|Any CPU
		{4BF52963-DDA8-4D3E-B181-2A944A32CD55}.Release|Any CPU.ActiveCfg = Release|Any CPU
		{4BF52963-DDA8-4D3E-B181-2A944A32CD55}.Release|Any CPU.Build.0 = Release|Any CPU
	EndGlobalSection
	GlobalSection(SolutionProperties) = preSolution
		HideSolutionNode = FALSE
	EndGlobalSection
	GlobalSection(ExtensibilityGlobals) = postSolution
		SolutionGuid = {C93D22D8-8141-4102-8310-F623D4C27811}
	EndGlobalSection
EndGlobal
